
Microsoft Visual Studio Solution File, Format Version 12.00
# Visual Studio Version 17
VisualStudioVersion = 17.0.31919.166
MinimumVisualStudioVersion = 10.0.40219.1
Project("{9A19103F-16F7-4668-BE54-9A1E7A4F7556}") = "WarrantyManager", "WarrantyManager\WarrantyManager.csproj", "{2C832F16-C91F-4F5B-B941-DDFCCA64A052}"
EndProject
Project("{E24C65DC-7377-472B-9ABA-BC803B73C61A}") = "WarrantyManagerWeb", "WarrantyManagerWeb\", "{03AFF354-0206-466C-BE73-ECF1C8DB6D14}"
	ProjectSection(WebsiteProperties) = preProject
		TargetFrameworkMoniker = ".NETFramework,Version%3Dv4.0"
		Debug.AspNetCompiler.VirtualPath = "/localhost_62568"
		Debug.AspNetCompiler.PhysicalPath = "WarrantyManagerWeb\"
		Debug.AspNetCompiler.TargetPath = "PrecompiledWeb\localhost_62568\"
		Debug.AspNetCompiler.Updateable = "true"
		Debug.AspNetCompiler.ForceOverwrite = "true"
		Debug.AspNetCompiler.FixedNames = "false"
		Debug.AspNetCompiler.Debug = "True"
		Release.AspNetCompiler.VirtualPath = "/localhost_62568"
		Release.AspNetCompiler.PhysicalPath = "WarrantyManagerWeb\"
		Release.AspNetCompiler.TargetPath = "PrecompiledWeb\localhost_62568\"
		Release.AspNetCompiler.Updateable = "true"
		Release.AspNetCompiler.ForceOverwrite = "true"
		Release.AspNetCompiler.FixedNames = "false"
		Release.AspNetCompiler.Debug = "False"
		VWDPort = "62568"
		SlnRelativePath = "WarrantyManagerWeb\"
	EndProjectSection
EndProject
Project("{2150E333-8FDC-42A3-9474-1A3956D46DE8}") = "Solution Items", "Solution Items", "{ACD5B573-8BD3-4950-B28C-B88D374C3788}"
	ProjectSection(SolutionItems) = preProject
		docker-compose.yaml = docker-compose.yaml
	EndProjectSection
EndProject
Global
	GlobalSection(SolutionConfigurationPlatforms) = preSolution
		Debug|Any CPU = Debug|Any CPU
		Release|Any CPU = Release|Any CPU
	EndGlobalSection
	GlobalSection(ProjectConfigurationPlatforms) = postSolution
		{2C832F16-C91F-4F5B-B941-DDFCCA64A052}.Debug|Any CPU.ActiveCfg = Debug|Any CPU
		{2C832F16-C91F-4F5B-B941-DDFCCA64A052}.Debug|Any CPU.Build.0 = Debug|Any CPU
		{2C832F16-C91F-4F5B-B941-DDFCCA64A052}.Release|Any CPU.ActiveCfg = Release|Any CPU
		{2C832F16-C91F-4F5B-B941-DDFCCA64A052}.Release|Any CPU.Build.0 = Release|Any CPU
		{03AFF354-0206-466C-BE73-ECF1C8DB6D14}.Debug|Any CPU.ActiveCfg = Debug|Any CPU
		{03AFF354-0206-466C-BE73-ECF1C8DB6D14}.Debug|Any CPU.Build.0 = Debug|Any CPU
		{03AFF354-0206-466C-BE73-ECF1C8DB6D14}.Release|Any CPU.ActiveCfg = Debug|Any CPU
		{03AFF354-0206-466C-BE73-ECF1C8DB6D14}.Release|Any CPU.Build.0 = Debug|Any CPU
	EndGlobalSection
	GlobalSection(SolutionProperties) = preSolution
		HideSolutionNode = FALSE
	EndGlobalSection
	GlobalSection(ExtensibilityGlobals) = postSolution
		SolutionGuid = {18EBA225-FE2D-48A7-BA1B-9FC561372CF3}
	EndGlobalSection
EndGlobal
